
Microsoft Visual Studio Solution File, Format Version 12.00
# Visual Studio Version 17
VisualStudioVersion = 17.1.32319.34
MinimumVisualStudioVersion = 10.0.40219.1
Project("{FAE04EC0-301F-11D3-BF4B-00C04F79EFBC}") = "ChallengeForLife", "ChallengeForLife\ChallengeForLife.csproj", "{B5304602-7F5B-4BBB-B1A1-5750F672D6F7}"
EndProject
Global
	GlobalSection(SolutionConfigurationPlatforms) = preSolution
		Debug|Any CPU = Debug|Any CPU
		Release|Any CPU = Release|Any CPU
	EndGlobalSection
	GlobalSection(ProjectConfigurationPlatforms) = postSolution
		{B5304602-7F5B-4BBB-B1A1-5750F672D6F7}.Debug|Any CPU.ActiveCfg = Debug|Any CPU
		{B5304602-7F5B-4BBB-B1A1-5750F672D6F7}.Debug|Any CPU.Build.0 = Debug|Any CPU
		{B5304602-7F5B-4BBB-B1A1-5750F672D6F7}.Release|Any CPU.ActiveCfg = Release|Any CPU
		{B5304602-7F5B-4BBB-B1A1-5750F672D6F7}.Release|Any CPU.Build.0 = Release|Any CPU
	EndGlobalSection
	GlobalSection(SolutionProperties) = preSolution
		HideSolutionNode = FALSE
	EndGlobalSection
	GlobalSection(ExtensibilityGlobals) = postSolution
		SolutionGuid = {21A2AD89-3A2B-48C3-BC00-EAF2363BBD1C}
	EndGlobalSection
EndGlobal
